Microsoft Visual Studio Solution File, Format Version 12.00
# Visual Studio 2012
Project("{2150E333-8FDC-42A3-9474-1A3956D46DE8}") = ".Build", ".Build", "{D425FDFA-90FC-4276-8CBD-2850E8D78656}"
	ProjectSection(SolutionItems) = preProject
		LICENSE.txt = LICENSE.txt
		NOTICE.txt = NOTICE.txt
		README.md = README.md
		Settings.StyleCop = Settings.StyleCop
	EndProjectSection
EndProject
Project("{2150E333-8FDC-42A3-9474-1A3956D46DE8}") = "Build", "Build", "{69D0ABFE-1C8A-4CFD-AF3A-D71445AEE6BF}"
	ProjectSection(SolutionItems) = preProject
		build.cmd = build.cmd
		build.sh = build.sh
		build\Common.targets = build\Common.targets
		build\CommonAssemblyInfo.cs = build\CommonAssemblyInfo.cs
		build\DevAssemblyInfo.cs = build\DevAssemblyInfo.cs
		build\Sakefile.shade = build\Sakefile.shade
	EndProjectSection
EndProject
Project("{FAE04EC0-301F-11D3-BF4B-00C04F79EFBC}") = "Microsoft.Owin.Hosting", "src\Microsoft.Owin.Hosting\Microsoft.Owin.Hosting.csproj", "{C225EB2E-E7A7-463F-B058-1705F204978E}"
EndProject
Project("{FAE04EC0-301F-11D3-BF4B-00C04F79EFBC}") = "Microsoft.Owin.Hosting.Tests", "tests\Microsoft.Owin.Hosting.Tests\Microsoft.Owin.Hosting.Tests.csproj", "{D74769C3-CC85-440E-BDB8-9B20BFBFDDAE}"
EndProject
Project("{FAE04EC0-301F-11D3-BF4B-00C04F79EFBC}") = "Katana", "src\Katana\Katana.csproj", "{A15DD7AD-5930-4B76-8011-BBD1B1CC54DE}"
EndProject
Project("{FAE04EC0-301F-11D3-BF4B-00C04F79EFBC}") = "Microsoft.Owin.Host.SystemWeb", "src\Microsoft.Owin.Host.SystemWeb\Microsoft.Owin.Host.SystemWeb.csproj", "{E31826E6-C29A-4F08-BD4F-E17ACA793BBC}"
EndProject
Project("{FAE04EC0-301F-11D3-BF4B-00C04F79EFBC}") = "Microsoft.Owin.Host.SystemWeb.Tests", "tests\Microsoft.Owin.Host.SystemWeb.Tests\Microsoft.Owin.Host.SystemWeb.Tests.csproj", "{A870323A-14F4-46B8-935E-30A1320FC49B}"
EndProject
Project("{FAE04EC0-301F-11D3-BF4B-00C04F79EFBC}") = "Microsoft.AspNet.WebApi.Owin", "src\Microsoft.AspNet.WebApi.Owin\Microsoft.AspNet.WebApi.Owin.csproj", "{80D03986-6128-4614-8715-C7E86BD16513}"
EndProject
Project("{FAE04EC0-301F-11D3-BF4B-00C04F79EFBC}") = "Microsoft.AspNet.WebApi.Owin.Tests", "tests\Microsoft.AspNet.WebApi.Owin.Tests\Microsoft.AspNet.WebApi.Owin.Tests.csproj", "{311DF219-244B-4A21-AF09-F594E8235877}"
EndProject
Project("{FAE04EC0-301F-11D3-BF4B-00C04F79EFBC}") = "Microsoft.Owin.Host.HttpListener", "src\Microsoft.Owin.Host.HttpListener\Microsoft.Owin.Host.HttpListener.csproj", "{452C45C7-57A5-4161-BF7D-C1CD5AD4BB84}"
EndProject
Project("{FAE04EC0-301F-11D3-BF4B-00C04F79EFBC}") = "Microsoft.Owin.Host.HttpListener.Tests", "tests\Microsoft.Owin.Host.HttpListener.Tests\Microsoft.Owin.Host.HttpListener.Tests.csproj", "{A8FB7DCB-3370-4D2F-B41A-63C89D281A51}"
EndProject
Project("{FAE04EC0-301F-11D3-BF4B-00C04F79EFBC}") = "Microsoft.Owin.WebSockets", "src\Microsoft.Owin.WebSockets\Microsoft.Owin.WebSockets.csproj", "{1FBD6DF1-9794-48F3-A7F9-1FDDE580240B}"
EndProject
Project("{2150E333-8FDC-42A3-9474-1A3956D46DE8}") = "Server", "Server", "{E80B5DAB-7D94-4E26-8A9E-98E5A887A72A}"
EndProject
Project("{2150E333-8FDC-42A3-9474-1A3956D46DE8}") = "Container", "Container", "{6F8D172A-4830-4ACB-BF0A-C82A5668A2CC}"
EndProject
Project("{2150E333-8FDC-42A3-9474-1A3956D46DE8}") = "Capability", "Capability", "{4EC1647A-7297-45BB-8E4A-9D9D8C301B57}"
EndProject
Project("{FAE04EC0-301F-11D3-BF4B-00C04F79EFBC}") = "Katana.Boot.AspNet", "src\Katana.Boot.AspNet\Katana.Boot.AspNet.csproj", "{EE2FDC70-DA4E-448D-9852-E305516DF2DD}"
EndProject
Project("{2150E333-8FDC-42A3-9474-1A3956D46DE8}") = "Middleware", "Middleware", "{ABC8FD67-E4C3-4236-AC51-280551470522}"
EndProject
Project("{FAE04EC0-301F-11D3-BF4B-00C04F79EFBC}") = "Microsoft.Owin.Auth.Basic", "src\Microsoft.Owin.Auth.Basic\Microsoft.Owin.Auth.Basic.csproj", "{4C89DC71-A085-482F-A552-35F8DE82A4DC}"
EndProject
Project("{2150E333-8FDC-42A3-9474-1A3956D46DE8}") = "Performance", "Performance", "{923FBCC6-ACE8-462C-ACE1-927C3EC8E77B}"
EndProject
Project("{FAE04EC0-301F-11D3-BF4B-00C04F79EFBC}") = "Katana.Performance.ReferenceApp", "tests\Katana.Performance.ReferenceApp\Katana.Performance.ReferenceApp.csproj", "{C232AB29-2F3C-4E18-9234-67B1C70CDAD5}"
EndProject
Project("{FAE04EC0-301F-11D3-BF4B-00C04F79EFBC}") = "Katana.Performance.ReferenceApp.Tests", "tests\Katana.Performance.ReferenceApp.Tests\Katana.Performance.ReferenceApp.Tests.csproj", "{E38930BA-9F12-4609-B97C-55F08200A392}"
EndProject
Project("{FAE04EC0-301F-11D3-BF4B-00C04F79EFBC}") = "Microsoft.Owin.Host.SystemWeb45", "src\Microsoft.Owin.Host.SystemWeb\Microsoft.Owin.Host.SystemWeb45.csproj", "{9F0C72D8-E43F-4F01-9DEB-9E8FE0AE179E}"
EndProject
Project("{FAE04EC0-301F-11D3-BF4B-00C04F79EFBC}") = "Microsoft.Owin.Host.HttpListener45", "src\Microsoft.Owin.Host.HttpListener\Microsoft.Owin.Host.HttpListener45.csproj", "{9F0C72D8-E43F-4F01-9DEB-919191911919}"
EndProject
Project("{FAE04EC0-301F-11D3-BF4B-00C04F79EFBC}") = "Microsoft.Owin.Host.SystemWeb45.Tests", "tests\Microsoft.Owin.Host.SystemWeb.Tests\Microsoft.Owin.Host.SystemWeb45.Tests.csproj", "{9F0C72D8-E43F-4F01-9DEB-919191919191}"
EndProject
Project("{FAE04EC0-301F-11D3-BF4B-00C04F79EFBC}") = "Microsoft.Owin.Host40.IntegrationTests", "tests\Microsoft.Owin.Host.IntegrationTests\Microsoft.Owin.Host40.IntegrationTests.csproj", "{4B189181-0978-49FE-9A66-BAE377A7DC80}"
EndProject
Project("{FAE04EC0-301F-11D3-BF4B-00C04F79EFBC}") = "Microsoft.Owin.Host45.IntegrationTests", "tests\Microsoft.Owin.Host.IntegrationTests\Microsoft.Owin.Host45.IntegrationTests.csproj", "{9F0C72D8-E43F-4F01-9DEB-123412341234}"
EndProject
Project("{FAE04EC0-301F-11D3-BF4B-00C04F79EFBC}") = "CertInstaller", "src\Tools\CertificateInstaller\CertInstaller\CertInstaller.csproj", "{558F65BE-E09D-4A9B-9DA8-C0983445726F}"
EndProject
Project("{2150E333-8FDC-42A3-9474-1A3956D46DE8}") = "Tools", "Tools", "{47488541-F6D1-4385-AE49-7E3C72042521}"
EndProject
Project("{FAE04EC0-301F-11D3-BF4B-00C04F79EFBC}") = "Katana.Performance.ReferenceApp.Selfhost", "tests\Katana.Performance.ReferenceApp.Selfhost\Katana.Performance.ReferenceApp.Selfhost.csproj", "{8AE2E716-258A-4EF3-ADF1-D3B75D677F29}"
EndProject
Project("{FAE04EC0-301F-11D3-BF4B-00C04F79EFBC}") = "Microsoft.Owin.StaticFiles", "src\Microsoft.Owin.StaticFiles\Microsoft.Owin.StaticFiles.csproj", "{F31A42DB-2F57-4DAC-B2BC-106F2D6F3C82}"
EndProject
Project("{FAE04EC0-301F-11D3-BF4B-00C04F79EFBC}") = "Microsoft.Owin.StaticFiles.Tests", "tests\Microsoft.Owin.StaticFiles.Tests\Microsoft.Owin.StaticFiles.Tests.csproj", "{473F6EEE-455F-4553-953D-5D0736D62D11}"
EndProject
Project("{FAE04EC0-301F-11D3-BF4B-00C04F79EFBC}") = "Microsoft.Owin.Auth", "src\Microsoft.Owin.Auth\Microsoft.Owin.Auth.csproj", "{970E6B61-1204-422D-A258-BFAB2955243D}"
EndProject
Project("{FAE04EC0-301F-11D3-BF4B-00C04F79EFBC}") = "Microsoft.Owin.Auth.Tests", "tests\Microsoft.Owin.Auth.Tests\Microsoft.Owin.Auth.Tests.csproj", "{08B04766-9926-40DD-AEE9-6AA1F185272A}"
EndProject
Project("{FAE04EC0-301F-11D3-BF4B-00C04F79EFBC}") = "Microsoft.Owin.Auth.Basic.Tests", "tests\Microsoft.Owin.Auth.Basic.Tests\Microsoft.Owin.Auth.Basic.Tests.csproj", "{6E12BFDB-C38E-4C0A-B628-AFA43D08AA17}"
EndProject
Project("{FAE04EC0-301F-11D3-BF4B-00C04F79EFBC}") = "Microsoft.Owin.Mapping", "src\Microsoft.Owin.Mapping\Microsoft.Owin.Mapping.csproj", "{58442F65-C526-4767-8110-E69F807236DC}"
EndProject
Project("{FAE04EC0-301F-11D3-BF4B-00C04F79EFBC}") = "Microsoft.Owin.Mapping.Tests", "tests\Microsoft.Owin.Mapping.Tests\Microsoft.Owin.Mapping.Tests.csproj", "{0E19A493-E03E-47EC-AFAD-0BCD65B76107}"
EndProject
Project("{FAE04EC0-301F-11D3-BF4B-00C04F79EFBC}") = "Microsoft.AspNet.Razor.Owin", "src\Microsoft.AspNet.Razor.Owin\Microsoft.AspNet.Razor.Owin.csproj", "{292742D5-D564-49B4-A682-948C3362F655}"
EndProject
Project("{FAE04EC0-301F-11D3-BF4B-00C04F79EFBC}") = "Microsoft.AspNet.Razor.Owin.Tests", "tests\Microsoft.AspNet.Razor.Owin.Tests\Microsoft.AspNet.Razor.Owin.Tests.csproj", "{F2882FE3-6F09-4B52-8592-EE1D127D12F4}"
EndProject
Project("{2150E333-8FDC-42A3-9474-1A3956D46DE8}") = "Development", "Development", "{D79A7AE1-618E-4528-9A57-502877C0C2A6}"
EndProject
Project("{FAE04EC0-301F-11D3-BF4B-00C04F79EFBC}") = "Microsoft.Owin.Testing", "src\Microsoft.Owin.Testing\Microsoft.Owin.Testing.csproj", "{73F1A72C-BCDE-4912-8AF7-6BE33D92FCC0}"
EndProject
Project("{FAE04EC0-301F-11D3-BF4B-00C04F79EFBC}") = "Microsoft.Owin.Diagnostics", "src\Microsoft.Owin.Diagnostics\Microsoft.Owin.Diagnostics.csproj", "{670915F7-F111-42FF-B004-39379A9D5951}"
EndProject
Project("{FAE04EC0-301F-11D3-BF4B-00C04F79EFBC}") = "Microsoft.Owin.Compression", "src\Microsoft.Owin.Compression\Microsoft.Owin.Compression.csproj", "{75BCA849-0F1B-459E-9D63-DD875978EFD0}"
EndProject
Project("{FAE04EC0-301F-11D3-BF4B-00C04F79EFBC}") = "Microsoft.Owin.Compression.Tests", "tests\Microsoft.Owin.Compression.Tests\Microsoft.Owin.Compression.Tests.csproj", "{5634B41F-719D-4210-991C-D29B097376FB}"
EndProject
Project("{FAE04EC0-301F-11D3-BF4B-00C04F79EFBC}") = "Microsoft.Owin.FileSystems", "src\Microsoft.Owin.FileSystems\Microsoft.Owin.FileSystems.csproj", "{63988A9B-FA70-4BBA-8C7E-784145384F7C}"
EndProject
Project("{FAE04EC0-301F-11D3-BF4B-00C04F79EFBC}") = "Microsoft.Owin.FileSystems.Tests", "tests\Microsoft.Owin.FileSystems.Tests\Microsoft.Owin.FileSystems.Tests.csproj", "{5737FA14-B873-496B-8141-49D5B273AC3A}"
EndProject
Project("{FAE04EC0-301F-11D3-BF4B-00C04F79EFBC}") = "Katana.WebDev.WebServer40", "src\Katana.WebDev.WebServer40\Katana.WebDev.WebServer40.csproj", "{EB8159AB-80E9-4419-92D1-F4B1FCF2510D}"
EndProject
Project("{FAE04EC0-301F-11D3-BF4B-00C04F79EFBC}") = "Katana.WebDev.WebServer40.Tests", "tests\Katana.WebDev.WebServer40.Tests\Katana.WebDev.WebServer40.Tests.csproj", "{07688758-AE70-451E-9364-B445ACB0B501}"
EndProject
Project("{FAE04EC0-301F-11D3-BF4B-00C04F79EFBC}") = "Katana.Loader.Roslyn", "src\Katana.Loader.Roslyn\Katana.Loader.Roslyn.csproj", "{B8A42E18-F9E8-469B-86CC-30780B1F349C}"
EndProject
Project("{FAE04EC0-301F-11D3-BF4B-00C04F79EFBC}") = "Katana.Loader.Roslyn.Tests", "tests\Katana.Loader.Roslyn.Tests\Katana.Loader.Roslyn.Tests.csproj", "{56028FDD-DBD0-4A92-BE58-282105FA3C2A}"
EndProject
Project("{FAE04EC0-301F-11D3-BF4B-00C04F79EFBC}") = "Microsoft.Owin.Throttling", "src\Microsoft.Owin.Throttling\Microsoft.Owin.Throttling.csproj", "{0619D466-A21B-4B64-AC35-89299787DF12}"
EndProject
Project("{FAE04EC0-301F-11D3-BF4B-00C04F79EFBC}") = "Microsoft.Owin.Throttling.Tests", "tests\Microsoft.Owin.Throttling.Tests\Microsoft.Owin.Throttling.Tests.csproj", "{AAD8D4BF-9EA1-4662-B96D-0956BB21F718}"
EndProject
Project("{2150E333-8FDC-42A3-9474-1A3956D46DE8}") = ".Prerelease", ".Prerelease", "{A7292674-B84F-4D30-9E2D-C4885AF20608}"
EndProject
Project("{2150E333-8FDC-42A3-9474-1A3956D46DE8}") = "Hosting", "Hosting", "{B9AC3489-752E-4C4E-84E4-1C82227435BA}"
EndProject
Project("{2150E333-8FDC-42A3-9474-1A3956D46DE8}") = "Development", "Development", "{E7D2B8A2-4586-4660-BB84-E46A58CD5F7F}"
EndProject
Project("{2150E333-8FDC-42A3-9474-1A3956D46DE8}") = "Security", "Security", "{10A4935F-4C17-44ED-BB00-D044FC7C77B8}"
EndProject
Project("{FAE04EC0-301F-11D3-BF4B-00C04F79EFBC}") = "Microsoft.Owin.Security.Forms", "src\Microsoft.Owin.Security.Forms\Microsoft.Owin.Security.Forms.csproj", "{2FB9342F-CA85-4903-8667-45ED64AD25A6}"
EndProject
Project("{FAE04EC0-301F-11D3-BF4B-00C04F79EFBC}") = "Microsoft.Owin.Security", "src\Microsoft.Owin.Security\Microsoft.Owin.Security.csproj", "{AAAF8157-1E33-4D6C-8319-3B304D018005}"
EndProject
Project("{2150E333-8FDC-42A3-9474-1A3956D46DE8}") = "Security", "Security", "{06AF04C9-1D3C-4985-A430-A420A5E9275B}"
EndProject
Project("{FAE04EC0-301F-11D3-BF4B-00C04F79EFBC}") = "Microsoft.Owin.Security.Tests", "tests\Microsoft.Owin.Security.Tests\Microsoft.Owin.Security.Tests.csproj", "{E3B9A023-2146-4D9D-A806-1479683078AE}"
EndProject
Project("{FAE04EC0-301F-11D3-BF4B-00C04F79EFBC}") = "Microsoft.Owin.Security.Facebook", "src\Microsoft.Owin.Security.Facebook\Microsoft.Owin.Security.Facebook.csproj", "{F6F1D34F-3AF6-41DD-B493-60899F959BBA}"
EndProject
Project("{FAE04EC0-301F-11D3-BF4B-00C04F79EFBC}") = "Microsoft.Owin.Security.Google", "src\Microsoft.Owin.Security.Google\Microsoft.Owin.Security.Google.csproj", "{1F46BC62-A011-4B63-A5C6-51AEE2EF538D}"
EndProject
Project("{FAE04EC0-301F-11D3-BF4B-00C04F79EFBC}") = "Microsoft.Owin.Security.Serialization", "src\Microsoft.Owin.Security.Serialization\Microsoft.Owin.Security.Serialization.csproj", "{1623C999-0D44-46DE-9FD8-602925221838}"
EndProject
Project("{FAE04EC0-301F-11D3-BF4B-00C04F79EFBC}") = "Microsoft.Owin.Security.Federation", "src\Microsoft.Owin.Security.Federation\Microsoft.Owin.Security.Federation.csproj", "{9090F5FF-1445-4D83-9221-A9A6EF95C23F}"
EndProject
Project("{FAE04EC0-301F-11D3-BF4B-00C04F79EFBC}") = "Microsoft.Owin.Security.OAuth", "src\Microsoft.Owin.Security.OAuth\Microsoft.Owin.Security.OAuth.csproj", "{F71E48D0-115A-4105-B332-FCCB2139DC23}"
EndProject
Project("{2150E333-8FDC-42A3-9474-1A3956D46DE8}") = "Sandbox", "Sandbox", "{D067FB54-B69D-4502-8E2F-676271AC4B86}"
EndProject
Project("{FAE04EC0-301F-11D3-BF4B-00C04F79EFBC}") = "Katana.Sandbox.WebServer", "tests\Katana.Sandbox.WebServer\Katana.Sandbox.WebServer.csproj", "{1069B86E-F2C1-498B-9DD8-76C7257C6A2A}"
EndProject
Project("{FAE04EC0-301F-11D3-BF4B-00C04F79EFBC}") = "Katana.Sandbox.WebClient", "tests\Katana.Sandbox.WebClient\Katana.Sandbox.WebClient.csproj", "{3AE67011-EBB1-4ADE-8F42-8E90EB884219}"
EndProject
Project("{FAE04EC0-301F-11D3-BF4B-00C04F79EFBC}") = "Microsoft.Owin.Testing.Tests", "tests\Microsoft.Owin.Testing.Tests\Microsoft.Owin.Testing.Tests.csproj", "{628A8C89-5E59-4747-8D6A-AA22267552ED}"
EndProject
Global
	GlobalSection(SolutionConfigurationPlatforms) = preSolution
		Debug|Any CPU = Debug|Any CPU
		Release|Any CPU = Release|Any CPU
	EndGlobalSection
	GlobalSection(ProjectConfigurationPlatforms) = postSolution
		{C225EB2E-E7A7-463F-B058-1705F204978E}.Debug|Any CPU.ActiveCfg = Debug|Any CPU
		{C225EB2E-E7A7-463F-B058-1705F204978E}.Debug|Any CPU.Build.0 = Debug|Any CPU
		{C225EB2E-E7A7-463F-B058-1705F204978E}.Release|Any CPU.ActiveCfg = Release|Any CPU
		{C225EB2E-E7A7-463F-B058-1705F204978E}.Release|Any CPU.Build.0 = Release|Any CPU
		{D74769C3-CC85-440E-BDB8-9B20BFBFDDAE}.Debug|Any CPU.ActiveCfg = Debug|Any CPU
		{D74769C3-CC85-440E-BDB8-9B20BFBFDDAE}.Debug|Any CPU.Build.0 = Debug|Any CPU
		{D74769C3-CC85-440E-BDB8-9B20BFBFDDAE}.Release|Any CPU.ActiveCfg = Release|Any CPU
		{D74769C3-CC85-440E-BDB8-9B20BFBFDDAE}.Release|Any CPU.Build.0 = Release|Any CPU
		{A15DD7AD-5930-4B76-8011-BBD1B1CC54DE}.Debug|Any CPU.ActiveCfg = Debug|Any CPU
		{A15DD7AD-5930-4B76-8011-BBD1B1CC54DE}.Debug|Any CPU.Build.0 = Debug|Any CPU
		{A15DD7AD-5930-4B76-8011-BBD1B1CC54DE}.Release|Any CPU.ActiveCfg = Release|Any CPU
		{A15DD7AD-5930-4B76-8011-BBD1B1CC54DE}.Release|Any CPU.Build.0 = Release|Any CPU
		{E31826E6-C29A-4F08-BD4F-E17ACA793BBC}.Debug|Any CPU.ActiveCfg = Debug|Any CPU
		{E31826E6-C29A-4F08-BD4F-E17ACA793BBC}.Debug|Any CPU.Build.0 = Debug|Any CPU
		{E31826E6-C29A-4F08-BD4F-E17ACA793BBC}.Release|Any CPU.ActiveCfg = Release|Any CPU
		{E31826E6-C29A-4F08-BD4F-E17ACA793BBC}.Release|Any CPU.Build.0 = Release|Any CPU
		{A870323A-14F4-46B8-935E-30A1320FC49B}.Debug|Any CPU.ActiveCfg = Debug|Any CPU
		{A870323A-14F4-46B8-935E-30A1320FC49B}.Debug|Any CPU.Build.0 = Debug|Any CPU
		{A870323A-14F4-46B8-935E-30A1320FC49B}.Release|Any CPU.ActiveCfg = Release|Any CPU
		{80D03986-6128-4614-8715-C7E86BD16513}.Debug|Any CPU.ActiveCfg = Debug|Any CPU
		{80D03986-6128-4614-8715-C7E86BD16513}.Debug|Any CPU.Build.0 = Debug|Any CPU
		{80D03986-6128-4614-8715-C7E86BD16513}.Release|Any CPU.ActiveCfg = Release|Any CPU
		{80D03986-6128-4614-8715-C7E86BD16513}.Release|Any CPU.Build.0 = Release|Any CPU
		{311DF219-244B-4A21-AF09-F594E8235877}.Debug|Any CPU.ActiveCfg = Debug|Any CPU
		{311DF219-244B-4A21-AF09-F594E8235877}.Debug|Any CPU.Build.0 = Debug|Any CPU
		{311DF219-244B-4A21-AF09-F594E8235877}.Release|Any CPU.ActiveCfg = Release|Any CPU
		{452C45C7-57A5-4161-BF7D-C1CD5AD4BB84}.Debug|Any CPU.ActiveCfg = Debug|Any CPU
		{452C45C7-57A5-4161-BF7D-C1CD5AD4BB84}.Debug|Any CPU.Build.0 = Debug|Any CPU
		{452C45C7-57A5-4161-BF7D-C1CD5AD4BB84}.Release|Any CPU.ActiveCfg = Release|Any CPU
		{452C45C7-57A5-4161-BF7D-C1CD5AD4BB84}.Release|Any CPU.Build.0 = Release|Any CPU
		{A8FB7DCB-3370-4D2F-B41A-63C89D281A51}.Debug|Any CPU.ActiveCfg = Debug|Any CPU
		{A8FB7DCB-3370-4D2F-B41A-63C89D281A51}.Debug|Any CPU.Build.0 = Debug|Any CPU
		{A8FB7DCB-3370-4D2F-B41A-63C89D281A51}.Release|Any CPU.ActiveCfg = Release|Any CPU
		{1FBD6DF1-9794-48F3-A7F9-1FDDE580240B}.Debug|Any CPU.ActiveCfg = Debug|Any CPU
		{1FBD6DF1-9794-48F3-A7F9-1FDDE580240B}.Debug|Any CPU.Build.0 = Debug|Any CPU
		{1FBD6DF1-9794-48F3-A7F9-1FDDE580240B}.Release|Any CPU.ActiveCfg = Release|Any CPU
		{1FBD6DF1-9794-48F3-A7F9-1FDDE580240B}.Release|Any CPU.Build.0 = Release|Any CPU
		{EE2FDC70-DA4E-448D-9852-E305516DF2DD}.Debug|Any CPU.ActiveCfg = Debug|Any CPU
		{EE2FDC70-DA4E-448D-9852-E305516DF2DD}.Debug|Any CPU.Build.0 = Debug|Any CPU
		{EE2FDC70-DA4E-448D-9852-E305516DF2DD}.Release|Any CPU.ActiveCfg = Release|Any CPU
		{EE2FDC70-DA4E-448D-9852-E305516DF2DD}.Release|Any CPU.Build.0 = Release|Any CPU
		{4C89DC71-A085-482F-A552-35F8DE82A4DC}.Debug|Any CPU.ActiveCfg = Debug|Any CPU
		{4C89DC71-A085-482F-A552-35F8DE82A4DC}.Debug|Any CPU.Build.0 = Debug|Any CPU
		{4C89DC71-A085-482F-A552-35F8DE82A4DC}.Release|Any CPU.ActiveCfg = Release|Any CPU
		{4C89DC71-A085-482F-A552-35F8DE82A4DC}.Release|Any CPU.Build.0 = Release|Any CPU
		{C232AB29-2F3C-4E18-9234-67B1C70CDAD5}.Debug|Any CPU.ActiveCfg = Debug|Any CPU
		{C232AB29-2F3C-4E18-9234-67B1C70CDAD5}.Debug|Any CPU.Build.0 = Debug|Any CPU
		{C232AB29-2F3C-4E18-9234-67B1C70CDAD5}.Release|Any CPU.ActiveCfg = Release|Any CPU
		{C232AB29-2F3C-4E18-9234-67B1C70CDAD5}.Release|Any CPU.Build.0 = Release|Any CPU
		{E38930BA-9F12-4609-B97C-55F08200A392}.Debug|Any CPU.ActiveCfg = Debug|Any CPU
		{E38930BA-9F12-4609-B97C-55F08200A392}.Debug|Any CPU.Build.0 = Debug|Any CPU
		{E38930BA-9F12-4609-B97C-55F08200A392}.Release|Any CPU.ActiveCfg = Release|Any CPU
		{E38930BA-9F12-4609-B97C-55F08200A392}.Release|Any CPU.Build.0 = Release|Any CPU
		{9F0C72D8-E43F-4F01-9DEB-9E8FE0AE179E}.Debug|Any CPU.ActiveCfg = Debug|Any CPU
		{9F0C72D8-E43F-4F01-9DEB-9E8FE0AE179E}.Debug|Any CPU.Build.0 = Debug|Any CPU
		{9F0C72D8-E43F-4F01-9DEB-9E8FE0AE179E}.Release|Any CPU.ActiveCfg = Release|Any CPU
		{9F0C72D8-E43F-4F01-9DEB-9E8FE0AE179E}.Release|Any CPU.Build.0 = Release|Any CPU
		{9F0C72D8-E43F-4F01-9DEB-919191911919}.Debug|Any CPU.ActiveCfg = Debug|Any CPU
		{9F0C72D8-E43F-4F01-9DEB-919191911919}.Debug|Any CPU.Build.0 = Debug|Any CPU
		{9F0C72D8-E43F-4F01-9DEB-919191911919}.Release|Any CPU.ActiveCfg = Release|Any CPU
		{9F0C72D8-E43F-4F01-9DEB-919191911919}.Release|Any CPU.Build.0 = Release|Any CPU
		{9F0C72D8-E43F-4F01-9DEB-919191919191}.Debug|Any CPU.ActiveCfg = Debug|Any CPU
		{9F0C72D8-E43F-4F01-9DEB-919191919191}.Debug|Any CPU.Build.0 = Debug|Any CPU
		{9F0C72D8-E43F-4F01-9DEB-919191919191}.Release|Any CPU.ActiveCfg = Release|Any CPU
		{4B189181-0978-49FE-9A66-BAE377A7DC80}.Debug|Any CPU.ActiveCfg = Debug|Any CPU
		{4B189181-0978-49FE-9A66-BAE377A7DC80}.Debug|Any CPU.Build.0 = Debug|Any CPU
		{4B189181-0978-49FE-9A66-BAE377A7DC80}.Release|Any CPU.ActiveCfg = Release|Any CPU
		{4B189181-0978-49FE-9A66-BAE377A7DC80}.Release|Any CPU.Build.0 = Release|Any CPU
		{9F0C72D8-E43F-4F01-9DEB-123412341234}.Debug|Any CPU.ActiveCfg = Debug|Any CPU
		{9F0C72D8-E43F-4F01-9DEB-123412341234}.Debug|Any CPU.Build.0 = Debug|Any CPU
		{9F0C72D8-E43F-4F01-9DEB-123412341234}.Release|Any CPU.ActiveCfg = Release|Any CPU
		{9F0C72D8-E43F-4F01-9DEB-123412341234}.Release|Any CPU.Build.0 = Release|Any CPU
		{558F65BE-E09D-4A9B-9DA8-C0983445726F}.Debug|Any CPU.ActiveCfg = Debug|Any CPU
		{558F65BE-E09D-4A9B-9DA8-C0983445726F}.Debug|Any CPU.Build.0 = Debug|Any CPU
		{558F65BE-E09D-4A9B-9DA8-C0983445726F}.Release|Any CPU.ActiveCfg = Release|Any CPU
		{558F65BE-E09D-4A9B-9DA8-C0983445726F}.Release|Any CPU.Build.0 = Release|Any CPU
		{8AE2E716-258A-4EF3-ADF1-D3B75D677F29}.Debug|Any CPU.ActiveCfg = Debug|Any CPU
		{8AE2E716-258A-4EF3-ADF1-D3B75D677F29}.Debug|Any CPU.Build.0 = Debug|Any CPU
		{8AE2E716-258A-4EF3-ADF1-D3B75D677F29}.Release|Any CPU.ActiveCfg = Release|Any CPU
		{8AE2E716-258A-4EF3-ADF1-D3B75D677F29}.Release|Any CPU.Build.0 = Release|Any CPU
		{F31A42DB-2F57-4DAC-B2BC-106F2D6F3C82}.Debug|Any CPU.ActiveCfg = Debug|Any CPU
		{F31A42DB-2F57-4DAC-B2BC-106F2D6F3C82}.Debug|Any CPU.Build.0 = Debug|Any CPU
		{F31A42DB-2F57-4DAC-B2BC-106F2D6F3C82}.Release|Any CPU.ActiveCfg = Release|Any CPU
		{F31A42DB-2F57-4DAC-B2BC-106F2D6F3C82}.Release|Any CPU.Build.0 = Release|Any CPU
		{473F6EEE-455F-4553-953D-5D0736D62D11}.Debug|Any CPU.ActiveCfg = Debug|Any CPU
		{473F6EEE-455F-4553-953D-5D0736D62D11}.Debug|Any CPU.Build.0 = Debug|Any CPU
		{473F6EEE-455F-4553-953D-5D0736D62D11}.Release|Any CPU.ActiveCfg = Release|Any CPU
		{473F6EEE-455F-4553-953D-5D0736D62D11}.Release|Any CPU.Build.0 = Release|Any CPU
		{970E6B61-1204-422D-A258-BFAB2955243D}.Debug|Any CPU.ActiveCfg = Debug|Any CPU
		{970E6B61-1204-422D-A258-BFAB2955243D}.Debug|Any CPU.Build.0 = Debug|Any CPU
		{970E6B61-1204-422D-A258-BFAB2955243D}.Release|Any CPU.ActiveCfg = Release|Any CPU
		{970E6B61-1204-422D-A258-BFAB2955243D}.Release|Any CPU.Build.0 = Release|Any CPU
		{08B04766-9926-40DD-AEE9-6AA1F185272A}.Debug|Any CPU.ActiveCfg = Debug|Any CPU
		{08B04766-9926-40DD-AEE9-6AA1F185272A}.Debug|Any CPU.Build.0 = Debug|Any CPU
		{08B04766-9926-40DD-AEE9-6AA1F185272A}.Release|Any CPU.ActiveCfg = Release|Any CPU
		{08B04766-9926-40DD-AEE9-6AA1F185272A}.Release|Any CPU.Build.0 = Release|Any CPU
		{6E12BFDB-C38E-4C0A-B628-AFA43D08AA17}.Debug|Any CPU.ActiveCfg = Debug|Any CPU
		{6E12BFDB-C38E-4C0A-B628-AFA43D08AA17}.Debug|Any CPU.Build.0 = Debug|Any CPU
		{6E12BFDB-C38E-4C0A-B628-AFA43D08AA17}.Release|Any CPU.ActiveCfg = Release|Any CPU
		{6E12BFDB-C38E-4C0A-B628-AFA43D08AA17}.Release|Any CPU.Build.0 = Release|Any CPU
		{58442F65-C526-4767-8110-E69F807236DC}.Debug|Any CPU.ActiveCfg = Debug|Any CPU
		{58442F65-C526-4767-8110-E69F807236DC}.Debug|Any CPU.Build.0 = Debug|Any CPU
		{58442F65-C526-4767-8110-E69F807236DC}.Release|Any CPU.ActiveCfg = Release|Any CPU
		{58442F65-C526-4767-8110-E69F807236DC}.Release|Any CPU.Build.0 = Release|Any CPU
		{0E19A493-E03E-47EC-AFAD-0BCD65B76107}.Debug|Any CPU.ActiveCfg = Debug|Any CPU
		{0E19A493-E03E-47EC-AFAD-0BCD65B76107}.Debug|Any CPU.Build.0 = Debug|Any CPU
		{0E19A493-E03E-47EC-AFAD-0BCD65B76107}.Release|Any CPU.ActiveCfg = Release|Any CPU
		{0E19A493-E03E-47EC-AFAD-0BCD65B76107}.Release|Any CPU.Build.0 = Release|Any CPU
		{292742D5-D564-49B4-A682-948C3362F655}.Debug|Any CPU.ActiveCfg = Debug|Any CPU
		{292742D5-D564-49B4-A682-948C3362F655}.Debug|Any CPU.Build.0 = Debug|Any CPU
		{292742D5-D564-49B4-A682-948C3362F655}.Release|Any CPU.ActiveCfg = Release|Any CPU
		{292742D5-D564-49B4-A682-948C3362F655}.Release|Any CPU.Build.0 = Release|Any CPU
		{F2882FE3-6F09-4B52-8592-EE1D127D12F4}.Debug|Any CPU.ActiveCfg = Debug|Any CPU
		{F2882FE3-6F09-4B52-8592-EE1D127D12F4}.Debug|Any CPU.Build.0 = Debug|Any CPU
		{F2882FE3-6F09-4B52-8592-EE1D127D12F4}.Release|Any CPU.ActiveCfg = Release|Any CPU
		{73F1A72C-BCDE-4912-8AF7-6BE33D92FCC0}.Debug|Any CPU.ActiveCfg = Debug|Any CPU
		{73F1A72C-BCDE-4912-8AF7-6BE33D92FCC0}.Debug|Any CPU.Build.0 = Debug|Any CPU
		{73F1A72C-BCDE-4912-8AF7-6BE33D92FCC0}.Release|Any CPU.ActiveCfg = Release|Any CPU
		{73F1A72C-BCDE-4912-8AF7-6BE33D92FCC0}.Release|Any CPU.Build.0 = Release|Any CPU
		{670915F7-F111-42FF-B004-39379A9D5951}.Debug|Any CPU.ActiveCfg = Debug|Any CPU
		{670915F7-F111-42FF-B004-39379A9D5951}.Debug|Any CPU.Build.0 = Debug|Any CPU
		{670915F7-F111-42FF-B004-39379A9D5951}.Release|Any CPU.ActiveCfg = Release|Any CPU
		{670915F7-F111-42FF-B004-39379A9D5951}.Release|Any CPU.Build.0 = Release|Any CPU
		{75BCA849-0F1B-459E-9D63-DD875978EFD0}.Debug|Any CPU.ActiveCfg = Debug|Any CPU
		{75BCA849-0F1B-459E-9D63-DD875978EFD0}.Debug|Any CPU.Build.0 = Debug|Any CPU
		{75BCA849-0F1B-459E-9D63-DD875978EFD0}.Release|Any CPU.ActiveCfg = Release|Any CPU
		{75BCA849-0F1B-459E-9D63-DD875978EFD0}.Release|Any CPU.Build.0 = Release|Any CPU
		{5634B41F-719D-4210-991C-D29B097376FB}.Debug|Any CPU.ActiveCfg = Debug|Any CPU
		{5634B41F-719D-4210-991C-D29B097376FB}.Debug|Any CPU.Build.0 = Debug|Any CPU
		{5634B41F-719D-4210-991C-D29B097376FB}.Release|Any CPU.ActiveCfg = Release|Any CPU
		{5634B41F-719D-4210-991C-D29B097376FB}.Release|Any CPU.Build.0 = Release|Any CPU
		{63988A9B-FA70-4BBA-8C7E-784145384F7C}.Debug|Any CPU.ActiveCfg = Debug|Any CPU
		{63988A9B-FA70-4BBA-8C7E-784145384F7C}.Debug|Any CPU.Build.0 = Debug|Any CPU
		{63988A9B-FA70-4BBA-8C7E-784145384F7C}.Release|Any CPU.ActiveCfg = Release|Any CPU
		{63988A9B-FA70-4BBA-8C7E-784145384F7C}.Release|Any CPU.Build.0 = Release|Any CPU
		{5737FA14-B873-496B-8141-49D5B273AC3A}.Debug|Any CPU.ActiveCfg = Debug|Any CPU
		{5737FA14-B873-496B-8141-49D5B273AC3A}.Debug|Any CPU.Build.0 = Debug|Any CPU
		{5737FA14-B873-496B-8141-49D5B273AC3A}.Release|Any CPU.ActiveCfg = Release|Any CPU
		{5737FA14-B873-496B-8141-49D5B273AC3A}.Release|Any CPU.Build.0 = Release|Any CPU
		{EB8159AB-80E9-4419-92D1-F4B1FCF2510D}.Debug|Any CPU.ActiveCfg = Debug|Any CPU
		{EB8159AB-80E9-4419-92D1-F4B1FCF2510D}.Debug|Any CPU.Build.0 = Debug|Any CPU
		{EB8159AB-80E9-4419-92D1-F4B1FCF2510D}.Release|Any CPU.ActiveCfg = Release|Any CPU
		{EB8159AB-80E9-4419-92D1-F4B1FCF2510D}.Release|Any CPU.Build.0 = Release|Any CPU
		{07688758-AE70-451E-9364-B445ACB0B501}.Debug|Any CPU.ActiveCfg = Debug|Any CPU
		{07688758-AE70-451E-9364-B445ACB0B501}.Debug|Any CPU.Build.0 = Debug|Any CPU
		{07688758-AE70-451E-9364-B445ACB0B501}.Release|Any CPU.ActiveCfg = Release|Any CPU
		{07688758-AE70-451E-9364-B445ACB0B501}.Release|Any CPU.Build.0 = Release|Any CPU
		{B8A42E18-F9E8-469B-86CC-30780B1F349C}.Debug|Any CPU.ActiveCfg = Debug|Any CPU
		{B8A42E18-F9E8-469B-86CC-30780B1F349C}.Debug|Any CPU.Build.0 = Debug|Any CPU
		{B8A42E18-F9E8-469B-86CC-30780B1F349C}.Release|Any CPU.ActiveCfg = Release|Any CPU
		{B8A42E18-F9E8-469B-86CC-30780B1F349C}.Release|Any CPU.Build.0 = Release|Any CPU
		{56028FDD-DBD0-4A92-BE58-282105FA3C2A}.Debug|Any CPU.ActiveCfg = Debug|Any CPU
		{56028FDD-DBD0-4A92-BE58-282105FA3C2A}.Debug|Any CPU.Build.0 = Debug|Any CPU
		{56028FDD-DBD0-4A92-BE58-282105FA3C2A}.Release|Any CPU.ActiveCfg = Release|Any CPU
		{56028FDD-DBD0-4A92-BE58-282105FA3C2A}.Release|Any CPU.Build.0 = Release|Any CPU
		{0619D466-A21B-4B64-AC35-89299787DF12}.Debug|Any CPU.ActiveCfg = Debug|Any CPU
		{0619D466-A21B-4B64-AC35-89299787DF12}.Debug|Any CPU.Build.0 = Debug|Any CPU
		{0619D466-A21B-4B64-AC35-89299787DF12}.Release|Any CPU.ActiveCfg = Release|Any CPU
		{0619D466-A21B-4B64-AC35-89299787DF12}.Release|Any CPU.Build.0 = Release|Any CPU
		{AAD8D4BF-9EA1-4662-B96D-0956BB21F718}.Debug|Any CPU.ActiveCfg = Debug|Any CPU
		{AAD8D4BF-9EA1-4662-B96D-0956BB21F718}.Debug|Any CPU.Build.0 = Debug|Any CPU
		{AAD8D4BF-9EA1-4662-B96D-0956BB21F718}.Release|Any CPU.ActiveCfg = Release|Any CPU
		{AAD8D4BF-9EA1-4662-B96D-0956BB21F718}.Release|Any CPU.Build.0 = Release|Any CPU
		{2FB9342F-CA85-4903-8667-45ED64AD25A6}.Debug|Any CPU.ActiveCfg = Debug|Any CPU
		{2FB9342F-CA85-4903-8667-45ED64AD25A6}.Debug|Any CPU.Build.0 = Debug|Any CPU
		{2FB9342F-CA85-4903-8667-45ED64AD25A6}.Release|Any CPU.ActiveCfg = Release|Any CPU
		{2FB9342F-CA85-4903-8667-45ED64AD25A6}.Release|Any CPU.Build.0 = Release|Any CPU
		{AAAF8157-1E33-4D6C-8319-3B304D018005}.Debug|Any CPU.ActiveCfg = Debug|Any CPU
		{AAAF8157-1E33-4D6C-8319-3B304D018005}.Debug|Any CPU.Build.0 = Debug|Any CPU
		{AAAF8157-1E33-4D6C-8319-3B304D018005}.Release|Any CPU.ActiveCfg = Release|Any CPU
		{AAAF8157-1E33-4D6C-8319-3B304D018005}.Release|Any CPU.Build.0 = Release|Any CPU
		{E3B9A023-2146-4D9D-A806-1479683078AE}.Debug|Any CPU.ActiveCfg = Debug|Any CPU
		{E3B9A023-2146-4D9D-A806-1479683078AE}.Debug|Any CPU.Build.0 = Debug|Any CPU
		{E3B9A023-2146-4D9D-A806-1479683078AE}.Release|Any CPU.ActiveCfg = Release|Any CPU
		{E3B9A023-2146-4D9D-A806-1479683078AE}.Release|Any CPU.Build.0 = Release|Any CPU
		{F6F1D34F-3AF6-41DD-B493-60899F959BBA}.Debug|Any CPU.ActiveCfg = Debug|Any CPU
		{F6F1D34F-3AF6-41DD-B493-60899F959BBA}.Debug|Any CPU.Build.0 = Debug|Any CPU
		{F6F1D34F-3AF6-41DD-B493-60899F959BBA}.Release|Any CPU.ActiveCfg = Release|Any CPU
		{F6F1D34F-3AF6-41DD-B493-60899F959BBA}.Release|Any CPU.Build.0 = Release|Any CPU
		{1F46BC62-A011-4B63-A5C6-51AEE2EF538D}.Debug|Any CPU.ActiveCfg = Debug|Any CPU
		{1F46BC62-A011-4B63-A5C6-51AEE2EF538D}.Debug|Any CPU.Build.0 = Debug|Any CPU
		{1F46BC62-A011-4B63-A5C6-51AEE2EF538D}.Release|Any CPU.ActiveCfg = Release|Any CPU
		{1F46BC62-A011-4B63-A5C6-51AEE2EF538D}.Release|Any CPU.Build.0 = Release|Any CPU
		{1623C999-0D44-46DE-9FD8-602925221838}.Debug|Any CPU.ActiveCfg = Debug|Any CPU
		{1623C999-0D44-46DE-9FD8-602925221838}.Debug|Any CPU.Build.0 = Debug|Any CPU
		{1623C999-0D44-46DE-9FD8-602925221838}.Release|Any CPU.ActiveCfg = Release|Any CPU
		{1623C999-0D44-46DE-9FD8-602925221838}.Release|Any CPU.Build.0 = Release|Any CPU
		{9090F5FF-1445-4D83-9221-A9A6EF95C23F}.Debug|Any CPU.ActiveCfg = Debug|Any CPU
		{9090F5FF-1445-4D83-9221-A9A6EF95C23F}.Debug|Any CPU.Build.0 = Debug|Any CPU
		{9090F5FF-1445-4D83-9221-A9A6EF95C23F}.Release|Any CPU.ActiveCfg = Release|Any CPU
		{9090F5FF-1445-4D83-9221-A9A6EF95C23F}.Release|Any CPU.Build.0 = Release|Any CPU
		{F71E48D0-115A-4105-B332-FCCB2139DC23}.Debug|Any CPU.ActiveCfg = Debug|Any CPU
		{F71E48D0-115A-4105-B332-FCCB2139DC23}.Debug|Any CPU.Build.0 = Debug|Any CPU
		{F71E48D0-115A-4105-B332-FCCB2139DC23}.Release|Any CPU.ActiveCfg = Release|Any CPU
		{F71E48D0-115A-4105-B332-FCCB2139DC23}.Release|Any CPU.Build.0 = Release|Any CPU
		{1069B86E-F2C1-498B-9DD8-76C7257C6A2A}.Debug|Any CPU.ActiveCfg = Debug|Any CPU
		{1069B86E-F2C1-498B-9DD8-76C7257C6A2A}.Debug|Any CPU.Build.0 = Debug|Any CPU
		{1069B86E-F2C1-498B-9DD8-76C7257C6A2A}.Release|Any CPU.ActiveCfg = Release|Any CPU
		{1069B86E-F2C1-498B-9DD8-76C7257C6A2A}.Release|Any CPU.Build.0 = Release|Any CPU
		{3AE67011-EBB1-4ADE-8F42-8E90EB884219}.Debug|Any CPU.ActiveCfg = Debug|Any CPU
		{3AE67011-EBB1-4ADE-8F42-8E90EB884219}.Debug|Any CPU.Build.0 = Debug|Any CPU
		{3AE67011-EBB1-4ADE-8F42-8E90EB884219}.Release|Any CPU.ActiveCfg = Release|Any CPU
		{3AE67011-EBB1-4ADE-8F42-8E90EB884219}.Release|Any CPU.Build.0 = Release|Any CPU
		{628A8C89-5E59-4747-8D6A-AA22267552ED}.Debug|Any CPU.ActiveCfg = Debug|Any CPU
		{628A8C89-5E59-4747-8D6A-AA22267552ED}.Debug|Any CPU.Build.0 = Debug|Any CPU
		{628A8C89-5E59-4747-8D6A-AA22267552ED}.Release|Any CPU.ActiveCfg = Release|Any CPU
		{628A8C89-5E59-4747-8D6A-AA22267552ED}.Release|Any CPU.Build.0 = Release|Any CPU
	EndGlobalSection
	GlobalSection(SolutionProperties) = preSolution
		HideSolutionNode = FALSE
	EndGlobalSection
	GlobalSection(NestedProjects) = preSolution
		{69D0ABFE-1C8A-4CFD-AF3A-D71445AEE6BF} = {D425FDFA-90FC-4276-8CBD-2850E8D78656}
		{D74769C3-CC85-440E-BDB8-9B20BFBFDDAE} = {B9AC3489-752E-4C4E-84E4-1C82227435BA}
		{A15DD7AD-5930-4B76-8011-BBD1B1CC54DE} = {B9AC3489-752E-4C4E-84E4-1C82227435BA}
		{C225EB2E-E7A7-463F-B058-1705F204978E} = {B9AC3489-752E-4C4E-84E4-1C82227435BA}
		{A870323A-14F4-46B8-935E-30A1320FC49B} = {E80B5DAB-7D94-4E26-8A9E-98E5A887A72A}
		{452C45C7-57A5-4161-BF7D-C1CD5AD4BB84} = {E80B5DAB-7D94-4E26-8A9E-98E5A887A72A}
		{A8FB7DCB-3370-4D2F-B41A-63C89D281A51} = {E80B5DAB-7D94-4E26-8A9E-98E5A887A72A}
		{E31826E6-C29A-4F08-BD4F-E17ACA793BBC} = {E80B5DAB-7D94-4E26-8A9E-98E5A887A72A}
		{9F0C72D8-E43F-4F01-9DEB-9E8FE0AE179E} = {E80B5DAB-7D94-4E26-8A9E-98E5A887A72A}
		{9F0C72D8-E43F-4F01-9DEB-919191911919} = {E80B5DAB-7D94-4E26-8A9E-98E5A887A72A}
		{9F0C72D8-E43F-4F01-9DEB-919191919191} = {E80B5DAB-7D94-4E26-8A9E-98E5A887A72A}
		{4B189181-0978-49FE-9A66-BAE377A7DC80} = {E80B5DAB-7D94-4E26-8A9E-98E5A887A72A}
		{9F0C72D8-E43F-4F01-9DEB-123412341234} = {E80B5DAB-7D94-4E26-8A9E-98E5A887A72A}
		{4EC1647A-7297-45BB-8E4A-9D9D8C301B57} = {A7292674-B84F-4D30-9E2D-C4885AF20608}
		{ABC8FD67-E4C3-4236-AC51-280551470522} = {A7292674-B84F-4D30-9E2D-C4885AF20608}
		{6F8D172A-4830-4ACB-BF0A-C82A5668A2CC} = {A7292674-B84F-4D30-9E2D-C4885AF20608}
		{47488541-F6D1-4385-AE49-7E3C72042521} = {A7292674-B84F-4D30-9E2D-C4885AF20608}
		{D79A7AE1-618E-4528-9A57-502877C0C2A6} = {A7292674-B84F-4D30-9E2D-C4885AF20608}
		{06AF04C9-1D3C-4985-A430-A420A5E9275B} = {A7292674-B84F-4D30-9E2D-C4885AF20608}
		{311DF219-244B-4A21-AF09-F594E8235877} = {4EC1647A-7297-45BB-8E4A-9D9D8C301B57}
		{292742D5-D564-49B4-A682-948C3362F655} = {4EC1647A-7297-45BB-8E4A-9D9D8C301B57}
		{F2882FE3-6F09-4B52-8592-EE1D127D12F4} = {4EC1647A-7297-45BB-8E4A-9D9D8C301B57}
		{80D03986-6128-4614-8715-C7E86BD16513} = {4EC1647A-7297-45BB-8E4A-9D9D8C301B57}
		{1FBD6DF1-9794-48F3-A7F9-1FDDE580240B} = {ABC8FD67-E4C3-4236-AC51-280551470522}
		{4C89DC71-A085-482F-A552-35F8DE82A4DC} = {ABC8FD67-E4C3-4236-AC51-280551470522}
		{F31A42DB-2F57-4DAC-B2BC-106F2D6F3C82} = {ABC8FD67-E4C3-4236-AC51-280551470522}
		{473F6EEE-455F-4553-953D-5D0736D62D11} = {ABC8FD67-E4C3-4236-AC51-280551470522}
		{970E6B61-1204-422D-A258-BFAB2955243D} = {ABC8FD67-E4C3-4236-AC51-280551470522}
		{08B04766-9926-40DD-AEE9-6AA1F185272A} = {ABC8FD67-E4C3-4236-AC51-280551470522}
		{6E12BFDB-C38E-4C0A-B628-AFA43D08AA17} = {ABC8FD67-E4C3-4236-AC51-280551470522}
		{58442F65-C526-4767-8110-E69F807236DC} = {ABC8FD67-E4C3-4236-AC51-280551470522}
		{0E19A493-E03E-47EC-AFAD-0BCD65B76107} = {ABC8FD67-E4C3-4236-AC51-280551470522}
		{75BCA849-0F1B-459E-9D63-DD875978EFD0} = {ABC8FD67-E4C3-4236-AC51-280551470522}
		{5634B41F-719D-4210-991C-D29B097376FB} = {ABC8FD67-E4C3-4236-AC51-280551470522}
		{0619D466-A21B-4B64-AC35-89299787DF12} = {ABC8FD67-E4C3-4236-AC51-280551470522}
		{AAD8D4BF-9EA1-4662-B96D-0956BB21F718} = {ABC8FD67-E4C3-4236-AC51-280551470522}
		{EE2FDC70-DA4E-448D-9852-E305516DF2DD} = {6F8D172A-4830-4ACB-BF0A-C82A5668A2CC}
		{EB8159AB-80E9-4419-92D1-F4B1FCF2510D} = {6F8D172A-4830-4ACB-BF0A-C82A5668A2CC}
		{07688758-AE70-451E-9364-B445ACB0B501} = {6F8D172A-4830-4ACB-BF0A-C82A5668A2CC}
		{B8A42E18-F9E8-469B-86CC-30780B1F349C} = {6F8D172A-4830-4ACB-BF0A-C82A5668A2CC}
		{56028FDD-DBD0-4A92-BE58-282105FA3C2A} = {6F8D172A-4830-4ACB-BF0A-C82A5668A2CC}
		{C232AB29-2F3C-4E18-9234-67B1C70CDAD5} = {923FBCC6-ACE8-462C-ACE1-927C3EC8E77B}
		{E38930BA-9F12-4609-B97C-55F08200A392} = {923FBCC6-ACE8-462C-ACE1-927C3EC8E77B}
		{8AE2E716-258A-4EF3-ADF1-D3B75D677F29} = {923FBCC6-ACE8-462C-ACE1-927C3EC8E77B}
		{558F65BE-E09D-4A9B-9DA8-C0983445726F} = {47488541-F6D1-4385-AE49-7E3C72042521}
		{73F1A72C-BCDE-4912-8AF7-6BE33D92FCC0} = {D79A7AE1-618E-4528-9A57-502877C0C2A6}
		{63988A9B-FA70-4BBA-8C7E-784145384F7C} = {D79A7AE1-618E-4528-9A57-502877C0C2A6}
		{5737FA14-B873-496B-8141-49D5B273AC3A} = {D79A7AE1-618E-4528-9A57-502877C0C2A6}
		{628A8C89-5E59-4747-8D6A-AA22267552ED} = {D79A7AE1-618E-4528-9A57-502877C0C2A6}
		{670915F7-F111-42FF-B004-39379A9D5951} = {E7D2B8A2-4586-4660-BB84-E46A58CD5F7F}
		{2FB9342F-CA85-4903-8667-45ED64AD25A6} = {10A4935F-4C17-44ED-BB00-D044FC7C77B8}
		{AAAF8157-1E33-4D6C-8319-3B304D018005} = {10A4935F-4C17-44ED-BB00-D044FC7C77B8}
		{E3B9A023-2146-4D9D-A806-1479683078AE} = {10A4935F-4C17-44ED-BB00-D044FC7C77B8}
		{F6F1D34F-3AF6-41DD-B493-60899F959BBA} = {10A4935F-4C17-44ED-BB00-D044FC7C77B8}
		{1F46BC62-A011-4B63-A5C6-51AEE2EF538D} = {10A4935F-4C17-44ED-BB00-D044FC7C77B8}
		{1623C999-0D44-46DE-9FD8-602925221838} = {10A4935F-4C17-44ED-BB00-D044FC7C77B8}
		{9090F5FF-1445-4D83-9221-A9A6EF95C23F} = {10A4935F-4C17-44ED-BB00-D044FC7C77B8}
		{F71E48D0-115A-4105-B332-FCCB2139DC23} = {10A4935F-4C17-44ED-BB00-D044FC7C77B8}
		{1069B86E-F2C1-498B-9DD8-76C7257C6A2A} = {D067FB54-B69D-4502-8E2F-676271AC4B86}
		{3AE67011-EBB1-4ADE-8F42-8E90EB884219} = {D067FB54-B69D-4502-8E2F-676271AC4B86}
	EndGlobalSection
EndGlobal
